
Microsoft Visual Studio Solution File, Format Version 12.00
# Visual Studio Version 17
VisualStudioVersion = 17.5.33530.505
MinimumVisualStudioVersion = 10.0.40219.1
Project("{FAE04EC0-301F-11D3-BF4B-00C04F79EFBC}") = "projeto_matematica", "projeto_matematica.csproj", "{BF83DC7A-0B79-4267-BF49-31BA57686160}"
EndProject
Global
	GlobalSection(SolutionConfigurationPlatforms) = preSolution
		Debug|Any CPU = Debug|Any CPU
		Release|Any CPU = Release|Any CPU
	EndGlobalSection
	GlobalSection(ProjectConfigurationPlatforms) = postSolution
		{BF83DC7A-0B79-4267-BF49-31BA57686160}.Debug|Any CPU.ActiveCfg = Debug|Any CPU
		{BF83DC7A-0B79-4267-BF49-31BA57686160}.Debug|Any CPU.Build.0 = Debug|Any CPU
		{BF83DC7A-0B79-4267-BF49-31BA57686160}.Release|Any CPU.ActiveCfg = Release|Any CPU
		{BF83DC7A-0B79-4267-BF49-31BA57686160}.Release|Any CPU.Build.0 = Release|Any CPU
	EndGlobalSection
	GlobalSection(SolutionProperties) = preSolution
		HideSolutionNode = FALSE
	EndGlobalSection
	GlobalSection(ExtensibilityGlobals) = postSolution
		SolutionGuid = {25BF1C05-4CCE-488D-B29F-00582D9A6903}
	EndGlobalSection
EndGlobal
